
Microsoft Visual Studio Solution File, Format Version 12.00
# Visual Studio Version 16
VisualStudioVersion = 16.0.28922.388
MinimumVisualStudioVersion = 10.0.40219.1
Project("{FAE04EC0-301F-11D3-BF4B-00C04F79EFBC}") = "TnA - Tanoshimi no Autohardsubber", "TnA - Tanoshimi no Autohardsubber\TnA - Tanoshimi no Autohardsubber.csproj", "{4C278111-676B-487F-B0B2-E611EF848BAC}"
EndProject
Project("{FAE04EC0-301F-11D3-BF4B-00C04F79EFBC}") = "Updater", "CheckUpdates\Updater.csproj", "{E6CD5938-1D93-4CE1-9CB6-839CA5ED7CA8}"
EndProject
Global
	GlobalSection(SolutionConfigurationPlatforms) = preSolution
		Debug|Any CPU = Debug|Any CPU
		Debug|x64 = Debug|x64
		Debug|x86 = Debug|x86
		Release|Any CPU = Release|Any CPU
		Release|x64 = Release|x64
		Release|x86 = Release|x86
	EndGlobalSection
	GlobalSection(ProjectConfigurationPlatforms) = postSolution
		{4C278111-676B-487F-B0B2-E611EF848BAC}.Debug|Any CPU.ActiveCfg = Debug|x64
		{4C278111-676B-487F-B0B2-E611EF848BAC}.Debug|Any CPU.Build.0 = Debug|x64
		{4C278111-676B-487F-B0B2-E611EF848BAC}.Debug|x64.ActiveCfg = Debug|x64
		{4C278111-676B-487F-B0B2-E611EF848BAC}.Debug|x64.Build.0 = Debug|x64
		{4C278111-676B-487F-B0B2-E611EF848BAC}.Debug|x86.ActiveCfg = Debug|x86
		{4C278111-676B-487F-B0B2-E611EF848BAC}.Debug|x86.Build.0 = Debug|x86
		{4C278111-676B-487F-B0B2-E611EF848BAC}.Release|Any CPU.ActiveCfg = Release|Any CPU
		{4C278111-676B-487F-B0B2-E611EF848BAC}.Release|Any CPU.Build.0 = Release|Any CPU
		{4C278111-676B-487F-B0B2-E611EF848BAC}.Release|x64.ActiveCfg = Release|x64
		{4C278111-676B-487F-B0B2-E611EF848BAC}.Release|x64.Build.0 = Release|x64
		{4C278111-676B-487F-B0B2-E611EF848BAC}.Release|x86.ActiveCfg = Release|x86
		{4C278111-676B-487F-B0B2-E611EF848BAC}.Release|x86.Build.0 = Release|x86
		{E6CD5938-1D93-4CE1-9CB6-839CA5ED7CA8}.Debug|Any CPU.ActiveCfg = Debug|x64
		{E6CD5938-1D93-4CE1-9CB6-839CA5ED7CA8}.Debug|Any CPU.Build.0 = Debug|x64
		{E6CD5938-1D93-4CE1-9CB6-839CA5ED7CA8}.Debug|x64.ActiveCfg = Debug|x64
		{E6CD5938-1D93-4CE1-9CB6-839CA5ED7CA8}.Debug|x64.Build.0 = Debug|x64
		{E6CD5938-1D93-4CE1-9CB6-839CA5ED7CA8}.Debug|x86.ActiveCfg = Debug|Any CPU
		{E6CD5938-1D93-4CE1-9CB6-839CA5ED7CA8}.Debug|x86.Build.0 = Debug|Any CPU
		{E6CD5938-1D93-4CE1-9CB6-839CA5ED7CA8}.Release|Any CPU.ActiveCfg = Release|Any CPU
		{E6CD5938-1D93-4CE1-9CB6-839CA5ED7CA8}.Release|Any CPU.Build.0 = Release|Any CPU
		{E6CD5938-1D93-4CE1-9CB6-839CA5ED7CA8}.Release|x64.ActiveCfg = Release|x64
		{E6CD5938-1D93-4CE1-9CB6-839CA5ED7CA8}.Release|x64.Build.0 = Release|x64
		{E6CD5938-1D93-4CE1-9CB6-839CA5ED7CA8}.Release|x86.ActiveCfg = Release|Any CPU
		{E6CD5938-1D93-4CE1-9CB6-839CA5ED7CA8}.Release|x86.Build.0 = Release|Any CPU
	EndGlobalSection
	GlobalSection(SolutionProperties) = preSolution
		HideSolutionNode = FALSE
	EndGlobalSection
	GlobalSection(ExtensibilityGlobals) = postSolution
		SolutionGuid = {0C28BCFB-575B-43B5-B80C-3A53345F248C}
	EndGlobalSection
EndGlobal
